{
  "version": 4,
  "terraform_version": "1.13.2",
  "serial": 33,
  "lineage": "61decb59-a928-58db-5947-57e9300cea5e",
  "outputs": {},
  "resources": [
    {
      "mode": "data",
      "type": "google_project",
      "name": "dev_project",
      "provider": "provider[\"registry.terraform.io/hashicorp/google\"]",
      "instances": [
        {
          "schema_version": 0,
          "attributes": {
            "auto_create_network": null,
            "billing_account": "017EA2-6AC809-AEF1D9",
            "deletion_policy": "PREVENT",
            "effective_labels": {
              "generative-language": "enabled"
            },
            "folder_id": null,
            "id": "projects/heidi-hackathon-465701",
            "labels": {
              "generative-language": "enabled"
            },
            "name": "Heidi Hackathon",
            "number": "209581833326",
            "org_id": null,
            "project_id": "heidi-hackathon-465701",
            "tags": null,
            "terraform_labels": {
              "generative-language": "enabled"
            }
          },
          "sensitive_attributes": [],
          "identity_schema_version": 0
        }
      ]
    },
    {
      "mode": "managed",
      "type": "google_bigquery_dataset",
      "name": "feedback_dataset",
      "provider": "provider[\"registry.terraform.io/hashicorp/google\"]",
      "instances": [
        {
          "schema_version": 0,
          "attributes": {
            "access": [
              {
                "condition": [],
                "dataset": [],
                "domain": "",
                "group_by_email": "",
                "iam_member": "",
                "role": "OWNER",
                "routine": [],
                "special_group": "",
                "user_by_email": "team12heidihackathon@gmail.com",
                "view": []
              },
              {
                "condition": [],
                "dataset": [],
                "domain": "",
                "group_by_email": "",
                "iam_member": "",
                "role": "OWNER",
                "routine": [],
                "special_group": "projectOwners",
                "user_by_email": "",
                "view": []
              },
              {
                "condition": [],
                "dataset": [],
                "domain": "",
                "group_by_email": "",
                "iam_member": "",
                "role": "READER",
                "routine": [],
                "special_group": "projectReaders",
                "user_by_email": "",
                "view": []
              },
              {
                "condition": [],
                "dataset": [],
                "domain": "",
                "group_by_email": "",
                "iam_member": "",
                "role": "WRITER",
                "routine": [],
                "special_group": "projectWriters",
                "user_by_email": "",
                "view": []
              }
            ],
            "creation_time": 1757829297722,
            "dataset_id": "my_awesome_agent_feedback",
            "default_collation": "",
            "default_encryption_configuration": [],
            "default_partition_expiration_ms": 0,
            "default_table_expiration_ms": 0,
            "delete_contents_on_destroy": false,
            "description": "",
            "effective_labels": {
              "goog-terraform-provisioned": "true"
            },
            "etag": "G4BBSJ6up+60AE0Rz6FB5g==",
            "external_catalog_dataset_options": [],
            "external_dataset_reference": [],
            "friendly_name": "my-awesome-agent_feedback",
            "id": "projects/heidi-hackathon-465701/datasets/my_awesome_agent_feedback",
            "is_case_insensitive": false,
            "labels": null,
            "last_modified_time": 1757829297722,
            "location": "us-central1",
            "max_time_travel_hours": "168",
            "project": "heidi-hackathon-465701",
            "resource_tags": null,
            "self_link": "https://bigquery.googleapis.com/bigquery/v2/projects/heidi-hackathon-465701/datasets/my_awesome_agent_feedback",
            "storage_billing_model": "",
            "terraform_labels": {
              "goog-terraform-provisioned": "true"
            },
            "timeouts": null
          },
          "sensitive_attributes": [],
          "identity_schema_version": 0,
          "private": "eyJlMmJmYjczMC1lY2FhLTExZTYtOGY4OC0zNDM2M2JjN2M0YzAiOnsiY3JlYXRlIjoxMjAwMDAwMDAwMDAwLCJkZWxldGUiOjEyMDAwMDAwMDAwMDAsInVwZGF0ZSI6MTIwMDAwMDAwMDAwMH19",
          "dependencies": [
            "google_project_service.services"
          ]
        }
      ]
    },
    {
      "mode": "managed",
      "type": "google_bigquery_dataset",
      "name": "telemetry_logs_dataset",
      "provider": "provider[\"registry.terraform.io/hashicorp/google\"]",
      "instances": [
        {
          "schema_version": 0,
          "attributes": {
            "access": [
              {
                "condition": [],
                "dataset": [],
                "domain": "",
                "group_by_email": "",
                "iam_member": "",
                "role": "OWNER",
                "routine": [],
                "special_group": "",
                "user_by_email": "team12heidihackathon@gmail.com",
                "view": []
              },
              {
                "condition": [],
                "dataset": [],
                "domain": "",
                "group_by_email": "",
                "iam_member": "",
                "role": "OWNER",
                "routine": [],
                "special_group": "projectOwners",
                "user_by_email": "",
                "view": []
              },
              {
                "condition": [],
                "dataset": [],
                "domain": "",
                "group_by_email": "",
                "iam_member": "",
                "role": "READER",
                "routine": [],
                "special_group": "projectReaders",
                "user_by_email": "",
                "view": []
              },
              {
                "condition": [],
                "dataset": [],
                "domain": "",
                "group_by_email": "",
                "iam_member": "",
                "role": "WRITER",
                "routine": [],
                "special_group": "projectWriters",
                "user_by_email": "",
                "view": []
              }
            ],
            "creation_time": 1757829297819,
            "dataset_id": "my_awesome_agent_telemetry",
            "default_collation": "",
            "default_encryption_configuration": [],
            "default_partition_expiration_ms": 0,
            "default_table_expiration_ms": 0,
            "delete_contents_on_destroy": false,
            "description": "",
            "effective_labels": {
              "goog-terraform-provisioned": "true"
            },
            "etag": "8NqB1EvJWkuj2rFoIj8lqg==",
            "external_catalog_dataset_options": [],
            "external_dataset_reference": [],
            "friendly_name": "my-awesome-agent_telemetry",
            "id": "projects/heidi-hackathon-465701/datasets/my_awesome_agent_telemetry",
            "is_case_insensitive": false,
            "labels": null,
            "last_modified_time": 1757829297819,
            "location": "us-central1",
            "max_time_travel_hours": "168",
            "project": "heidi-hackathon-465701",
            "resource_tags": null,
            "self_link": "https://bigquery.googleapis.com/bigquery/v2/projects/heidi-hackathon-465701/datasets/my_awesome_agent_telemetry",
            "storage_billing_model": "",
            "terraform_labels": {
              "goog-terraform-provisioned": "true"
            },
            "timeouts": null
          },
          "sensitive_attributes": [],
          "identity_schema_version": 0,
          "private": "eyJlMmJmYjczMC1lY2FhLTExZTYtOGY4OC0zNDM2M2JjN2M0YzAiOnsiY3JlYXRlIjoxMjAwMDAwMDAwMDAwLCJkZWxldGUiOjEyMDAwMDAwMDAwMDAsInVwZGF0ZSI6MTIwMDAwMDAwMDAwMH19",
          "dependencies": [
            "google_project_service.services"
          ]
        }
      ]
    },
    {
      "mode": "managed",
      "type": "google_project_iam_member",
      "name": "app_sa_roles",
      "provider": "provider[\"registry.terraform.io/hashicorp/google\"]",
      "instances": [
        {
          "index_key": "dev,roles/aiplatform.user",
          "schema_version": 0,
          "attributes": {
            "condition": [],
            "etag": "BwY+vIgm2ek=",
            "id": "heidi-hackathon-465701/roles/aiplatform.user/serviceAccount:my-awesome-agent-app@heidi-hackathon-465701.iam.gserviceaccount.com",
            "member": "serviceAccount:my-awesome-agent-app@heidi-hackathon-465701.iam.gserviceaccount.com",
            "project": "heidi-hackathon-465701",
            "role": "roles/aiplatform.user"
          },
          "sensitive_attributes": [],
          "identity_schema_version": 0,
          "private": "bnVsbA==",
          "dependencies": [
            "google_project_service.services",
            "google_service_account.app_sa"
          ]
        },
        {
          "index_key": "dev,roles/cloudtrace.agent",
          "schema_version": 0,
          "attributes": {
            "condition": [],
            "etag": "BwY+vIgm2ek=",
            "id": "heidi-hackathon-465701/roles/cloudtrace.agent/serviceAccount:my-awesome-agent-app@heidi-hackathon-465701.iam.gserviceaccount.com",
            "member": "serviceAccount:my-awesome-agent-app@heidi-hackathon-465701.iam.gserviceaccount.com",
            "project": "heidi-hackathon-465701",
            "role": "roles/cloudtrace.agent"
          },
          "sensitive_attributes": [],
          "identity_schema_version": 0,
          "private": "bnVsbA==",
          "dependencies": [
            "google_project_service.services",
            "google_service_account.app_sa"
          ]
        },
        {
          "index_key": "dev,roles/discoveryengine.editor",
          "schema_version": 0,
          "attributes": {
            "condition": [],
            "etag": "BwY+vIgm2ek=",
            "id": "heidi-hackathon-465701/roles/discoveryengine.editor/serviceAccount:my-awesome-agent-app@heidi-hackathon-465701.iam.gserviceaccount.com",
            "member": "serviceAccount:my-awesome-agent-app@heidi-hackathon-465701.iam.gserviceaccount.com",
            "project": "heidi-hackathon-465701",
            "role": "roles/discoveryengine.editor"
          },
          "sensitive_attributes": [],
          "identity_schema_version": 0,
          "private": "bnVsbA==",
          "dependencies": [
            "google_project_service.services",
            "google_service_account.app_sa"
          ]
        },
        {
          "index_key": "dev,roles/logging.logWriter",
          "schema_version": 0,
          "attributes": {
            "condition": [],
            "etag": "BwY+vIgm2ek=",
            "id": "heidi-hackathon-465701/roles/logging.logWriter/serviceAccount:my-awesome-agent-app@heidi-hackathon-465701.iam.gserviceaccount.com",
            "member": "serviceAccount:my-awesome-agent-app@heidi-hackathon-465701.iam.gserviceaccount.com",
            "project": "heidi-hackathon-465701",
            "role": "roles/logging.logWriter"
          },
          "sensitive_attributes": [],
          "identity_schema_version": 0,
          "private": "bnVsbA==",
          "dependencies": [
            "google_project_service.services",
            "google_service_account.app_sa"
          ]
        },
        {
          "index_key": "dev,roles/serviceusage.serviceUsageConsumer",
          "schema_version": 0,
          "attributes": {
            "condition": [],
            "etag": "BwY+vIgm2ek=",
            "id": "heidi-hackathon-465701/roles/serviceusage.serviceUsageConsumer/serviceAccount:my-awesome-agent-app@heidi-hackathon-465701.iam.gserviceaccount.com",
            "member": "serviceAccount:my-awesome-agent-app@heidi-hackathon-465701.iam.gserviceaccount.com",
            "project": "heidi-hackathon-465701",
            "role": "roles/serviceusage.serviceUsageConsumer"
          },
          "sensitive_attributes": [],
          "identity_schema_version": 0,
          "private": "bnVsbA==",
          "dependencies": [
            "google_project_service.services",
            "google_service_account.app_sa"
          ]
        },
        {
          "index_key": "dev,roles/storage.admin",
          "schema_version": 0,
          "attributes": {
            "condition": [],
            "etag": "BwY+vIgm2ek=",
            "id": "heidi-hackathon-465701/roles/storage.admin/serviceAccount:my-awesome-agent-app@heidi-hackathon-465701.iam.gserviceaccount.com",
            "member": "serviceAccount:my-awesome-agent-app@heidi-hackathon-465701.iam.gserviceaccount.com",
            "project": "heidi-hackathon-465701",
            "role": "roles/storage.admin"
          },
          "sensitive_attributes": [],
          "identity_schema_version": 0,
          "private": "bnVsbA==",
          "dependencies": [
            "google_project_service.services",
            "google_service_account.app_sa"
          ]
        }
      ]
    },
    {
      "mode": "managed",
      "type": "google_project_iam_member",
      "name": "bigquery_data_editor",
      "provider": "provider[\"registry.terraform.io/hashicorp/google\"]",
      "instances": [
        {
          "schema_version": 0,
          "attributes": {
            "condition": [],
            "etag": "BwY+vIgm2ek=",
            "id": "heidi-hackathon-465701/roles/bigquery.dataEditor/serviceAccount:service-209581833326@gcp-sa-logging.iam.gserviceaccount.com",
            "member": "serviceAccount:service-209581833326@gcp-sa-logging.iam.gserviceaccount.com",
            "project": "heidi-hackathon-465701",
            "role": "roles/bigquery.dataEditor"
          },
          "sensitive_attributes": [],
          "identity_schema_version": 0,
          "private": "bnVsbA==",
          "dependencies": [
            "google_bigquery_dataset.telemetry_logs_dataset",
            "google_project_service.services",
            "module.log_export_to_bigquery.google_logging_billing_account_sink.sink",
            "module.log_export_to_bigquery.google_logging_folder_sink.sink",
            "module.log_export_to_bigquery.google_logging_organization_sink.sink",
            "module.log_export_to_bigquery.google_logging_project_sink.sink"
          ]
        }
      ]
    },
    {
      "mode": "managed",
      "type": "google_project_iam_member",
      "name": "default_compute_sa_storage_object_creator",
      "provider": "provider[\"registry.terraform.io/hashicorp/google\"]",
      "instances": [
        {
          "schema_version": 0,
          "attributes": {
            "condition": [],
            "etag": "BwY+vIcqQnc=",
            "id": "heidi-hackathon-465701/roles/cloudbuild.builds.builder/serviceAccount:209581833326-compute@developer.gserviceaccount.com",
            "member": "serviceAccount:209581833326-compute@developer.gserviceaccount.com",
            "project": "heidi-hackathon-465701",
            "role": "roles/cloudbuild.builds.builder"
          },
          "sensitive_attributes": [],
          "identity_schema_version": 0,
          "private": "bnVsbA==",
          "dependencies": [
            "data.google_project.dev_project",
            "google_project_service.services"
          ]
        }
      ]
    },
    {
      "mode": "managed",
      "type": "google_project_iam_member",
      "name": "vertex_ai_sa_permissions",
      "provider": "provider[\"registry.terraform.io/hashicorp/google\"]",
      "instances": [
        {
          "index_key": "dev,roles/aiplatform.user",
          "schema_version": 0,
          "attributes": {
            "condition": [],
            "etag": "BwY+vIcqQnc=",
            "id": "heidi-hackathon-465701/roles/aiplatform.user/serviceAccount:service-209581833326@gcp-sa-aiplatform.iam.gserviceaccount.com",
            "member": "serviceAccount:service-209581833326@gcp-sa-aiplatform.iam.gserviceaccount.com",
            "project": "heidi-hackathon-465701",
            "role": "roles/aiplatform.user"
          },
          "sensitive_attributes": [],
          "identity_schema_version": 0,
          "private": "bnVsbA==",
          "dependencies": [
            "google_project_service.services",
            "google_project_service_identity.vertex_sa"
          ]
        },
        {
          "index_key": "dev,roles/cloudtrace.agent",
          "schema_version": 0,
          "attributes": {
            "condition": [],
            "etag": "BwY+vIcqQnc=",
            "id": "heidi-hackathon-465701/roles/cloudtrace.agent/serviceAccount:service-209581833326@gcp-sa-aiplatform.iam.gserviceaccount.com",
            "member": "serviceAccount:service-209581833326@gcp-sa-aiplatform.iam.gserviceaccount.com",
            "project": "heidi-hackathon-465701",
            "role": "roles/cloudtrace.agent"
          },
          "sensitive_attributes": [],
          "identity_schema_version": 0,
          "private": "bnVsbA==",
          "dependencies": [
            "google_project_service.services",
            "google_project_service_identity.vertex_sa"
          ]
        },
        {
          "index_key": "dev,roles/discoveryengine.editor",
          "schema_version": 0,
          "attributes": {
            "condition": [],
            "etag": "BwY+vIcqQnc=",
            "id": "heidi-hackathon-465701/roles/discoveryengine.editor/serviceAccount:service-209581833326@gcp-sa-aiplatform.iam.gserviceaccount.com",
            "member": "serviceAccount:service-209581833326@gcp-sa-aiplatform.iam.gserviceaccount.com",
            "project": "heidi-hackathon-465701",
            "role": "roles/discoveryengine.editor"
          },
          "sensitive_attributes": [],
          "identity_schema_version": 0,
          "private": "bnVsbA==",
          "dependencies": [
            "google_project_service.services",
            "google_project_service_identity.vertex_sa"
          ]
        },
        {
          "index_key": "dev,roles/logging.logWriter",
          "schema_version": 0,
          "attributes": {
            "condition": [],
            "etag": "BwY+vIcqQnc=",
            "id": "heidi-hackathon-465701/roles/logging.logWriter/serviceAccount:service-209581833326@gcp-sa-aiplatform.iam.gserviceaccount.com",
            "member": "serviceAccount:service-209581833326@gcp-sa-aiplatform.iam.gserviceaccount.com",
            "project": "heidi-hackathon-465701",
            "role": "roles/logging.logWriter"
          },
          "sensitive_attributes": [],
          "identity_schema_version": 0,
          "private": "bnVsbA==",
          "dependencies": [
            "google_project_service.services",
            "google_project_service_identity.vertex_sa"
          ]
        },
        {
          "index_key": "dev,roles/serviceusage.serviceUsageConsumer",
          "schema_version": 0,
          "attributes": {
            "condition": [],
            "etag": "BwY+vIcqQnc=",
            "id": "heidi-hackathon-465701/roles/serviceusage.serviceUsageConsumer/serviceAccount:service-209581833326@gcp-sa-aiplatform.iam.gserviceaccount.com",
            "member": "serviceAccount:service-209581833326@gcp-sa-aiplatform.iam.gserviceaccount.com",
            "project": "heidi-hackathon-465701",
            "role": "roles/serviceusage.serviceUsageConsumer"
          },
          "sensitive_attributes": [],
          "identity_schema_version": 0,
          "private": "bnVsbA==",
          "dependencies": [
            "google_project_service.services",
            "google_project_service_identity.vertex_sa"
          ]
        },
        {
          "index_key": "dev,roles/storage.admin",
          "schema_version": 0,
          "attributes": {
            "condition": [],
            "etag": "BwY+vIcqQnc=",
            "id": "heidi-hackathon-465701/roles/storage.admin/serviceAccount:service-209581833326@gcp-sa-aiplatform.iam.gserviceaccount.com",
            "member": "serviceAccount:service-209581833326@gcp-sa-aiplatform.iam.gserviceaccount.com",
            "project": "heidi-hackathon-465701",
            "role": "roles/storage.admin"
          },
          "sensitive_attributes": [],
          "identity_schema_version": 0,
          "private": "bnVsbA==",
          "dependencies": [
            "google_project_service.services",
            "google_project_service_identity.vertex_sa"
          ]
        }
      ]
    },
    {
      "mode": "managed",
      "type": "google_project_service",
      "name": "services",
      "provider": "provider[\"registry.terraform.io/hashicorp/google\"]",
      "instances": [
        {
          "index_key": 0,
          "schema_version": 0,
          "attributes": {
            "disable_dependent_services": null,
            "disable_on_destroy": false,
            "id": "heidi-hackathon-465701/aiplatform.googleapis.com",
            "project": "heidi-hackathon-465701",
            "service": "aiplatform.googleapis.com",
            "timeouts": null
          },
          "sensitive_attributes": [],
          "identity_schema_version": 0,
          "private": "eyJlMmJmYjczMC1lY2FhLTExZTYtOGY4OC0zNDM2M2JjN2M0YzAiOnsiY3JlYXRlIjoxMjAwMDAwMDAwMDAwLCJkZWxldGUiOjEyMDAwMDAwMDAwMDAsInJlYWQiOjYwMDAwMDAwMDAwMCwidXBkYXRlIjoxMjAwMDAwMDAwMDAwfX0="
        },
        {
          "index_key": 1,
          "schema_version": 0,
          "attributes": {
            "disable_dependent_services": null,
            "disable_on_destroy": false,
            "id": "heidi-hackathon-465701/cloudbuild.googleapis.com",
            "project": "heidi-hackathon-465701",
            "service": "cloudbuild.googleapis.com",
            "timeouts": null
          },
          "sensitive_attributes": [],
          "identity_schema_version": 0,
          "private": "eyJlMmJmYjczMC1lY2FhLTExZTYtOGY4OC0zNDM2M2JjN2M0YzAiOnsiY3JlYXRlIjoxMjAwMDAwMDAwMDAwLCJkZWxldGUiOjEyMDAwMDAwMDAwMDAsInJlYWQiOjYwMDAwMDAwMDAwMCwidXBkYXRlIjoxMjAwMDAwMDAwMDAwfX0="
        },
        {
          "index_key": 2,
          "schema_version": 0,
          "attributes": {
            "disable_dependent_services": null,
            "disable_on_destroy": false,
            "id": "heidi-hackathon-465701/run.googleapis.com",
            "project": "heidi-hackathon-465701",
            "service": "run.googleapis.com",
            "timeouts": null
          },
          "sensitive_attributes": [],
          "identity_schema_version": 0,
          "private": "eyJlMmJmYjczMC1lY2FhLTExZTYtOGY4OC0zNDM2M2JjN2M0YzAiOnsiY3JlYXRlIjoxMjAwMDAwMDAwMDAwLCJkZWxldGUiOjEyMDAwMDAwMDAwMDAsInJlYWQiOjYwMDAwMDAwMDAwMCwidXBkYXRlIjoxMjAwMDAwMDAwMDAwfX0="
        },
        {
          "index_key": 3,
          "schema_version": 0,
          "attributes": {
            "disable_dependent_services": null,
            "disable_on_destroy": false,
            "id": "heidi-hackathon-465701/bigquery.googleapis.com",
            "project": "heidi-hackathon-465701",
            "service": "bigquery.googleapis.com",
            "timeouts": null
          },
          "sensitive_attributes": [],
          "identity_schema_version": 0,
          "private": "eyJlMmJmYjczMC1lY2FhLTExZTYtOGY4OC0zNDM2M2JjN2M0YzAiOnsiY3JlYXRlIjoxMjAwMDAwMDAwMDAwLCJkZWxldGUiOjEyMDAwMDAwMDAwMDAsInJlYWQiOjYwMDAwMDAwMDAwMCwidXBkYXRlIjoxMjAwMDAwMDAwMDAwfX0="
        },
        {
          "index_key": 4,
          "schema_version": 0,
          "attributes": {
            "disable_dependent_services": null,
            "disable_on_destroy": false,
            "id": "heidi-hackathon-465701/discoveryengine.googleapis.com",
            "project": "heidi-hackathon-465701",
            "service": "discoveryengine.googleapis.com",
            "timeouts": null
          },
          "sensitive_attributes": [],
          "identity_schema_version": 0,
          "private": "eyJlMmJmYjczMC1lY2FhLTExZTYtOGY4OC0zNDM2M2JjN2M0YzAiOnsiY3JlYXRlIjoxMjAwMDAwMDAwMDAwLCJkZWxldGUiOjEyMDAwMDAwMDAwMDAsInJlYWQiOjYwMDAwMDAwMDAwMCwidXBkYXRlIjoxMjAwMDAwMDAwMDAwfX0="
        },
        {
          "index_key": 5,
          "schema_version": 0,
          "attributes": {
            "disable_dependent_services": null,
            "disable_on_destroy": false,
            "id": "heidi-hackathon-465701/cloudresourcemanager.googleapis.com",
            "project": "heidi-hackathon-465701",
            "service": "cloudresourcemanager.googleapis.com",
            "timeouts": null
          },
          "sensitive_attributes": [],
          "identity_schema_version": 0,
          "private": "eyJlMmJmYjczMC1lY2FhLTExZTYtOGY4OC0zNDM2M2JjN2M0YzAiOnsiY3JlYXRlIjoxMjAwMDAwMDAwMDAwLCJkZWxldGUiOjEyMDAwMDAwMDAwMDAsInJlYWQiOjYwMDAwMDAwMDAwMCwidXBkYXRlIjoxMjAwMDAwMDAwMDAwfX0="
        },
        {
          "index_key": 6,
          "schema_version": 0,
          "attributes": {
            "disable_dependent_services": null,
            "disable_on_destroy": false,
            "id": "heidi-hackathon-465701/iam.googleapis.com",
            "project": "heidi-hackathon-465701",
            "service": "iam.googleapis.com",
            "timeouts": null
          },
          "sensitive_attributes": [],
          "identity_schema_version": 0,
          "private": "eyJlMmJmYjczMC1lY2FhLTExZTYtOGY4OC0zNDM2M2JjN2M0YzAiOnsiY3JlYXRlIjoxMjAwMDAwMDAwMDAwLCJkZWxldGUiOjEyMDAwMDAwMDAwMDAsInJlYWQiOjYwMDAwMDAwMDAwMCwidXBkYXRlIjoxMjAwMDAwMDAwMDAwfX0="
        },
        {
          "index_key": 7,
          "schema_version": 0,
          "attributes": {
            "disable_dependent_services": null,
            "disable_on_destroy": false,
            "id": "heidi-hackathon-465701/bigquery.googleapis.com",
            "project": "heidi-hackathon-465701",
            "service": "bigquery.googleapis.com",
            "timeouts": null
          },
          "sensitive_attributes": [],
          "identity_schema_version": 0,
          "private": "eyJlMmJmYjczMC1lY2FhLTExZTYtOGY4OC0zNDM2M2JjN2M0YzAiOnsiY3JlYXRlIjoxMjAwMDAwMDAwMDAwLCJkZWxldGUiOjEyMDAwMDAwMDAwMDAsInJlYWQiOjYwMDAwMDAwMDAwMCwidXBkYXRlIjoxMjAwMDAwMDAwMDAwfX0="
        },
        {
          "index_key": 8,
          "schema_version": 0,
          "attributes": {
            "disable_dependent_services": null,
            "disable_on_destroy": false,
            "id": "heidi-hackathon-465701/serviceusage.googleapis.com",
            "project": "heidi-hackathon-465701",
            "service": "serviceusage.googleapis.com",
            "timeouts": null
          },
          "sensitive_attributes": [],
          "identity_schema_version": 0,
          "private": "eyJlMmJmYjczMC1lY2FhLTExZTYtOGY4OC0zNDM2M2JjN2M0YzAiOnsiY3JlYXRlIjoxMjAwMDAwMDAwMDAwLCJkZWxldGUiOjEyMDAwMDAwMDAwMDAsInJlYWQiOjYwMDAwMDAwMDAwMCwidXBkYXRlIjoxMjAwMDAwMDAwMDAwfX0="
        },
        {
          "index_key": 9,
          "schema_version": 0,
          "attributes": {
            "disable_dependent_services": null,
            "disable_on_destroy": false,
            "id": "heidi-hackathon-465701/logging.googleapis.com",
            "project": "heidi-hackathon-465701",
            "service": "logging.googleapis.com",
            "timeouts": null
          },
          "sensitive_attributes": [],
          "identity_schema_version": 0,
          "private": "eyJlMmJmYjczMC1lY2FhLTExZTYtOGY4OC0zNDM2M2JjN2M0YzAiOnsiY3JlYXRlIjoxMjAwMDAwMDAwMDAwLCJkZWxldGUiOjEyMDAwMDAwMDAwMDAsInJlYWQiOjYwMDAwMDAwMDAwMCwidXBkYXRlIjoxMjAwMDAwMDAwMDAwfX0="
        },
        {
          "index_key": 10,
          "schema_version": 0,
          "attributes": {
            "disable_dependent_services": null,
            "disable_on_destroy": false,
            "id": "heidi-hackathon-465701/cloudtrace.googleapis.com",
            "project": "heidi-hackathon-465701",
            "service": "cloudtrace.googleapis.com",
            "timeouts": null
          },
          "sensitive_attributes": [],
          "identity_schema_version": 0,
          "private": "eyJlMmJmYjczMC1lY2FhLTExZTYtOGY4OC0zNDM2M2JjN2M0YzAiOnsiY3JlYXRlIjoxMjAwMDAwMDAwMDAwLCJkZWxldGUiOjEyMDAwMDAwMDAwMDAsInJlYWQiOjYwMDAwMDAwMDAwMCwidXBkYXRlIjoxMjAwMDAwMDAwMDAwfX0="
        }
      ]
    },
    {
      "mode": "managed",
      "type": "google_project_service_identity",
      "name": "vertex_sa",
      "provider": "provider[\"registry.terraform.io/hashicorp/google-beta\"]",
      "instances": [
        {
          "schema_version": 0,
          "attributes": {
            "email": "service-209581833326@gcp-sa-aiplatform.iam.gserviceaccount.com",
            "id": "projects/heidi-hackathon-465701/services/aiplatform.googleapis.com",
            "member": "serviceAccount:service-209581833326@gcp-sa-aiplatform.iam.gserviceaccount.com",
            "project": "heidi-hackathon-465701",
            "service": "aiplatform.googleapis.com",
            "timeouts": null
          },
          "sensitive_attributes": [],
          "identity_schema_version": 0,
          "private": "eyJlMmJmYjczMC1lY2FhLTExZTYtOGY4OC0zNDM2M2JjN2M0YzAiOnsiY3JlYXRlIjoxMjAwMDAwMDAwMDAwLCJkZWxldGUiOjEyMDAwMDAwMDAwMDAsInJlYWQiOjYwMDAwMDAwMDAwMH19"
        }
      ]
    },
    {
      "mode": "managed",
      "type": "google_service_account",
      "name": "app_sa",
      "provider": "provider[\"registry.terraform.io/hashicorp/google\"]",
      "instances": [
        {
          "schema_version": 0,
          "attributes": {
            "account_id": "my-awesome-agent-app",
            "create_ignore_already_exists": null,
            "description": "",
            "disabled": false,
            "display_name": "my-awesome-agent Agent Service Account",
            "email": "my-awesome-agent-app@heidi-hackathon-465701.iam.gserviceaccount.com",
            "id": "projects/heidi-hackathon-465701/serviceAccounts/my-awesome-agent-app@heidi-hackathon-465701.iam.gserviceaccount.com",
            "member": "serviceAccount:my-awesome-agent-app@heidi-hackathon-465701.iam.gserviceaccount.com",
            "name": "projects/heidi-hackathon-465701/serviceAccounts/my-awesome-agent-app@heidi-hackathon-465701.iam.gserviceaccount.com",
            "project": "heidi-hackathon-465701",
            "timeouts": null,
            "unique_id": "108174863758989693132"
          },
          "sensitive_attributes": [],
          "identity_schema_version": 0,
          "private": "eyJlMmJmYjczMC1lY2FhLTExZTYtOGY4OC0zNDM2M2JjN2M0YzAiOnsiY3JlYXRlIjozMDAwMDAwMDAwMDB9fQ==",
          "dependencies": [
            "google_project_service.services"
          ]
        }
      ]
    },
    {
      "mode": "managed",
      "type": "google_storage_bucket",
      "name": "logs_data_bucket",
      "provider": "provider[\"registry.terraform.io/hashicorp/google\"]",
      "instances": [
        {
          "schema_version": 3,
          "attributes": {
            "autoclass": [],
            "cors": [],
            "custom_placement_config": [],
            "default_event_based_hold": false,
            "effective_labels": {
              "goog-terraform-provisioned": "true"
            },
            "enable_object_retention": false,
            "encryption": [],
            "force_destroy": false,
            "hierarchical_namespace": [
              {
                "enabled": false
              }
            ],
            "id": "heidi-hackathon-465701-my-awesome-agent-logs-data",
            "ip_filter": [],
            "labels": null,
            "lifecycle_rule": [],
            "location": "US-CENTRAL1",
            "logging": [],
            "name": "heidi-hackathon-465701-my-awesome-agent-logs-data",
            "project": "heidi-hackathon-465701",
            "project_number": 209581833326,
            "public_access_prevention": "inherited",
            "requester_pays": false,
            "retention_policy": [],
            "rpo": null,
            "self_link": "https://www.googleapis.com/storage/v1/b/heidi-hackathon-465701-my-awesome-agent-logs-data",
            "soft_delete_policy": [
              {
                "effective_time": "2025-09-14T05:54:58.160Z",
                "retention_duration_seconds": 604800
              }
            ],
            "storage_class": "STANDARD",
            "terraform_labels": {
              "goog-terraform-provisioned": "true"
            },
            "time_created": "2025-09-14T05:54:58.160Z",
            "timeouts": null,
            "uniform_bucket_level_access": true,
            "updated": "2025-09-14T05:54:58.160Z",
            "url": "gs://heidi-hackathon-465701-my-awesome-agent-logs-data",
            "versioning": [],
            "website": []
          },
          "sensitive_attributes": [],
          "identity_schema_version": 0,
          "private": "eyJlMmJmYjczMC1lY2FhLTExZTYtOGY4OC0zNDM2M2JjN2M0YzAiOnsiY3JlYXRlIjo2MDAwMDAwMDAwMDAsInJlYWQiOjI0MDAwMDAwMDAwMCwidXBkYXRlIjoyNDAwMDAwMDAwMDB9LCJzY2hlbWFfdmVyc2lvbiI6IjMifQ==",
          "dependencies": [
            "google_project_service.services"
          ]
        }
      ]
    },
    {
      "module": "module.feedback_export_to_bigquery",
      "mode": "managed",
      "type": "google_logging_project_sink",
      "name": "sink",
      "provider": "provider[\"registry.terraform.io/hashicorp/google\"]",
      "instances": [
        {
          "index_key": 0,
          "schema_version": 0,
          "attributes": {
            "bigquery_options": [
              {
                "use_partitioned_tables": true
              }
            ],
            "custom_writer_identity": null,
            "description": "",
            "destination": "bigquery.googleapis.com/projects/heidi-hackathon-465701/datasets/my_awesome_agent_feedback",
            "disabled": false,
            "exclusions": [],
            "filter": "jsonPayload.log_type=\"feedback\" jsonPayload.service_name=\"my-awesome-agent\"",
            "id": "projects/heidi-hackathon-465701/sinks/my-awesome-agent_feedback",
            "name": "my-awesome-agent_feedback",
            "project": "heidi-hackathon-465701",
            "unique_writer_identity": true,
            "writer_identity": "serviceAccount:service-209581833326@gcp-sa-logging.iam.gserviceaccount.com"
          },
          "sensitive_attributes": [],
          "identity_schema_version": 0,
          "private": "bnVsbA==",
          "dependencies": [
            "google_bigquery_dataset.feedback_dataset",
            "google_project_service.services"
          ]
        }
      ]
    },
    {
      "module": "module.log_export_to_bigquery",
      "mode": "managed",
      "type": "google_logging_project_sink",
      "name": "sink",
      "provider": "provider[\"registry.terraform.io/hashicorp/google\"]",
      "instances": [
        {
          "index_key": 0,
          "schema_version": 0,
          "attributes": {
            "bigquery_options": [
              {
                "use_partitioned_tables": true
              }
            ],
            "custom_writer_identity": null,
            "description": "",
            "destination": "bigquery.googleapis.com/projects/heidi-hackathon-465701/datasets/my_awesome_agent_telemetry",
            "disabled": false,
            "exclusions": [],
            "filter": "jsonPayload.attributes.\"traceloop.association.properties.log_type\"=\"tracing\" jsonPayload.resource.attributes.\"service.name\"=\"my-awesome-agent\"",
            "id": "projects/heidi-hackathon-465701/sinks/my-awesome-agent_telemetry",
            "name": "my-awesome-agent_telemetry",
            "project": "heidi-hackathon-465701",
            "unique_writer_identity": true,
            "writer_identity": "serviceAccount:service-209581833326@gcp-sa-logging.iam.gserviceaccount.com"
          },
          "sensitive_attributes": [],
          "identity_schema_version": 0,
          "private": "bnVsbA==",
          "dependencies": [
            "google_bigquery_dataset.telemetry_logs_dataset",
            "google_project_service.services"
          ]
        }
      ]
    }
  ],
  "check_results": null
}
